
Microsoft Visual Studio Solution File, Format Version 12.00
# Visual Studio 2012
Project("{FAE04EC0-301F-11D3-BF4B-00C04F79EFBC}") = "PasswordManager", "PasswordManager\PasswordManager.csproj", "{F4617D13-2A01-4EF5-94A1-BB96D6B9FA6D}"
EndProject
Project("{FAE04EC0-301F-11D3-BF4B-00C04F79EFBC}") = "PasswordManager.Infrastructure", "PasswordManager.Infrastructure\PasswordManager.Infrastructure.csproj", "{A2303152-0F67-4CA5-8639-0A16E64A8B6D}"
EndProject
Project("{FAE04EC0-301F-11D3-BF4B-00C04F79EFBC}") = "PasswordManager.UILogic", "PasswordManager.UILogic\PasswordManager.UILogic.csproj", "{DE643E5C-8B4A-45A1-8308-0BB43E1C458B}"
EndProject
Project("{FAE04EC0-301F-11D3-BF4B-00C04F79EFBC}") = "PasswordManager.Data", "PasswordManager.Data\PasswordManager.Data.csproj", "{AD016ABE-7E01-4E7B-844B-C5D1C5F781B2}"
EndProject
Global
	GlobalSection(SolutionConfigurationPlatforms) = preSolution
		Debug|Any CPU = Debug|Any CPU
		Debug|ARM = Debug|ARM
		Debug|x64 = Debug|x64
		Debug|x86 = Debug|x86
		Release|Any CPU = Release|Any CPU
		Release|ARM = Release|ARM
		Release|x64 = Release|x64
		Release|x86 = Release|x86
	EndGlobalSection
	GlobalSection(ProjectConfigurationPlatforms) = postSolution
		{F4617D13-2A01-4EF5-94A1-BB96D6B9FA6D}.Debug|Any CPU.ActiveCfg = Debug|x86
		{F4617D13-2A01-4EF5-94A1-BB96D6B9FA6D}.Debug|Any CPU.Build.0 = Debug|x86
		{F4617D13-2A01-4EF5-94A1-BB96D6B9FA6D}.Debug|Any CPU.Deploy.0 = Debug|x86
		{F4617D13-2A01-4EF5-94A1-BB96D6B9FA6D}.Debug|ARM.ActiveCfg = Debug|ARM
		{F4617D13-2A01-4EF5-94A1-BB96D6B9FA6D}.Debug|ARM.Build.0 = Debug|ARM
		{F4617D13-2A01-4EF5-94A1-BB96D6B9FA6D}.Debug|ARM.Deploy.0 = Debug|ARM
		{F4617D13-2A01-4EF5-94A1-BB96D6B9FA6D}.Debug|x64.ActiveCfg = Debug|x64
		{F4617D13-2A01-4EF5-94A1-BB96D6B9FA6D}.Debug|x64.Build.0 = Debug|x64
		{F4617D13-2A01-4EF5-94A1-BB96D6B9FA6D}.Debug|x64.Deploy.0 = Debug|x64
		{F4617D13-2A01-4EF5-94A1-BB96D6B9FA6D}.Debug|x86.ActiveCfg = Debug|x86
		{F4617D13-2A01-4EF5-94A1-BB96D6B9FA6D}.Debug|x86.Build.0 = Debug|x86
		{F4617D13-2A01-4EF5-94A1-BB96D6B9FA6D}.Debug|x86.Deploy.0 = Debug|x86
		{F4617D13-2A01-4EF5-94A1-BB96D6B9FA6D}.Release|Any CPU.ActiveCfg = Release|Any CPU
		{F4617D13-2A01-4EF5-94A1-BB96D6B9FA6D}.Release|Any CPU.Build.0 = Release|Any CPU
		{F4617D13-2A01-4EF5-94A1-BB96D6B9FA6D}.Release|Any CPU.Deploy.0 = Release|Any CPU
		{F4617D13-2A01-4EF5-94A1-BB96D6B9FA6D}.Release|ARM.ActiveCfg = Release|ARM
		{F4617D13-2A01-4EF5-94A1-BB96D6B9FA6D}.Release|ARM.Build.0 = Release|ARM
		{F4617D13-2A01-4EF5-94A1-BB96D6B9FA6D}.Release|ARM.Deploy.0 = Release|ARM
		{F4617D13-2A01-4EF5-94A1-BB96D6B9FA6D}.Release|x64.ActiveCfg = Release|x64
		{F4617D13-2A01-4EF5-94A1-BB96D6B9FA6D}.Release|x64.Build.0 = Release|x64
		{F4617D13-2A01-4EF5-94A1-BB96D6B9FA6D}.Release|x64.Deploy.0 = Release|x64
		{F4617D13-2A01-4EF5-94A1-BB96D6B9FA6D}.Release|x86.ActiveCfg = Release|x86
		{F4617D13-2A01-4EF5-94A1-BB96D6B9FA6D}.Release|x86.Build.0 = Release|x86
		{F4617D13-2A01-4EF5-94A1-BB96D6B9FA6D}.Release|x86.Deploy.0 = Release|x86
		{A2303152-0F67-4CA5-8639-0A16E64A8B6D}.Debug|Any CPU.ActiveCfg = Debug|x86
		{A2303152-0F67-4CA5-8639-0A16E64A8B6D}.Debug|Any CPU.Build.0 = Debug|x86
		{A2303152-0F67-4CA5-8639-0A16E64A8B6D}.Debug|ARM.ActiveCfg = Debug|ARM
		{A2303152-0F67-4CA5-8639-0A16E64A8B6D}.Debug|ARM.Build.0 = Debug|ARM
		{A2303152-0F67-4CA5-8639-0A16E64A8B6D}.Debug|x64.ActiveCfg = Debug|x64
		{A2303152-0F67-4CA5-8639-0A16E64A8B6D}.Debug|x64.Build.0 = Debug|x64
		{A2303152-0F67-4CA5-8639-0A16E64A8B6D}.Debug|x86.ActiveCfg = Debug|x86
		{A2303152-0F67-4CA5-8639-0A16E64A8B6D}.Debug|x86.Build.0 = Debug|x86
		{A2303152-0F67-4CA5-8639-0A16E64A8B6D}.Release|Any CPU.ActiveCfg = Release|Any CPU
		{A2303152-0F67-4CA5-8639-0A16E64A8B6D}.Release|Any CPU.Build.0 = Release|Any CPU
		{A2303152-0F67-4CA5-8639-0A16E64A8B6D}.Release|ARM.ActiveCfg = Release|ARM
		{A2303152-0F67-4CA5-8639-0A16E64A8B6D}.Release|ARM.Build.0 = Release|ARM
		{A2303152-0F67-4CA5-8639-0A16E64A8B6D}.Release|x64.ActiveCfg = Release|x64
		{A2303152-0F67-4CA5-8639-0A16E64A8B6D}.Release|x64.Build.0 = Release|x64
		{A2303152-0F67-4CA5-8639-0A16E64A8B6D}.Release|x86.ActiveCfg = Release|x86
		{A2303152-0F67-4CA5-8639-0A16E64A8B6D}.Release|x86.Build.0 = Release|x86
		{DE643E5C-8B4A-45A1-8308-0BB43E1C458B}.Debug|Any CPU.ActiveCfg = Debug|x86
		{DE643E5C-8B4A-45A1-8308-0BB43E1C458B}.Debug|Any CPU.Build.0 = Debug|x86
		{DE643E5C-8B4A-45A1-8308-0BB43E1C458B}.Debug|ARM.ActiveCfg = Debug|ARM
		{DE643E5C-8B4A-45A1-8308-0BB43E1C458B}.Debug|ARM.Build.0 = Debug|ARM
		{DE643E5C-8B4A-45A1-8308-0BB43E1C458B}.Debug|x64.ActiveCfg = Debug|x64
		{DE643E5C-8B4A-45A1-8308-0BB43E1C458B}.Debug|x64.Build.0 = Debug|x64
		{DE643E5C-8B4A-45A1-8308-0BB43E1C458B}.Debug|x86.ActiveCfg = Debug|x86
		{DE643E5C-8B4A-45A1-8308-0BB43E1C458B}.Debug|x86.Build.0 = Debug|x86
		{DE643E5C-8B4A-45A1-8308-0BB43E1C458B}.Release|Any CPU.ActiveCfg = Release|Any CPU
		{DE643E5C-8B4A-45A1-8308-0BB43E1C458B}.Release|Any CPU.Build.0 = Release|Any CPU
		{DE643E5C-8B4A-45A1-8308-0BB43E1C458B}.Release|ARM.ActiveCfg = Release|ARM
		{DE643E5C-8B4A-45A1-8308-0BB43E1C458B}.Release|ARM.Build.0 = Release|ARM
		{DE643E5C-8B4A-45A1-8308-0BB43E1C458B}.Release|x64.ActiveCfg = Release|x64
		{DE643E5C-8B4A-45A1-8308-0BB43E1C458B}.Release|x64.Build.0 = Release|x64
		{DE643E5C-8B4A-45A1-8308-0BB43E1C458B}.Release|x86.ActiveCfg = Release|x86
		{DE643E5C-8B4A-45A1-8308-0BB43E1C458B}.Release|x86.Build.0 = Release|x86
		{AD016ABE-7E01-4E7B-844B-C5D1C5F781B2}.Debug|Any CPU.ActiveCfg = Debug|x86
		{AD016ABE-7E01-4E7B-844B-C5D1C5F781B2}.Debug|Any CPU.Build.0 = Debug|x86
		{AD016ABE-7E01-4E7B-844B-C5D1C5F781B2}.Debug|ARM.ActiveCfg = Debug|ARM
		{AD016ABE-7E01-4E7B-844B-C5D1C5F781B2}.Debug|ARM.Build.0 = Debug|ARM
		{AD016ABE-7E01-4E7B-844B-C5D1C5F781B2}.Debug|x64.ActiveCfg = Debug|x64
		{AD016ABE-7E01-4E7B-844B-C5D1C5F781B2}.Debug|x64.Build.0 = Debug|x64
		{AD016ABE-7E01-4E7B-844B-C5D1C5F781B2}.Debug|x86.ActiveCfg = Debug|x86
		{AD016ABE-7E01-4E7B-844B-C5D1C5F781B2}.Debug|x86.Build.0 = Debug|x86
		{AD016ABE-7E01-4E7B-844B-C5D1C5F781B2}.Release|Any CPU.ActiveCfg = Release|Any CPU
		{AD016ABE-7E01-4E7B-844B-C5D1C5F781B2}.Release|Any CPU.Build.0 = Release|Any CPU
		{AD016ABE-7E01-4E7B-844B-C5D1C5F781B2}.Release|ARM.ActiveCfg = Release|ARM
		{AD016ABE-7E01-4E7B-844B-C5D1C5F781B2}.Release|ARM.Build.0 = Release|ARM
		{AD016ABE-7E01-4E7B-844B-C5D1C5F781B2}.Release|x64.ActiveCfg = Release|x64
		{AD016ABE-7E01-4E7B-844B-C5D1C5F781B2}.Release|x64.Build.0 = Release|x64
		{AD016ABE-7E01-4E7B-844B-C5D1C5F781B2}.Release|x86.ActiveCfg = Release|x86
		{AD016ABE-7E01-4E7B-844B-C5D1C5F781B2}.Release|x86.Build.0 = Release|x86
	EndGlobalSection
	GlobalSection(SolutionProperties) = preSolution
		HideSolutionNode = FALSE
	EndGlobalSection
EndGlobal
